
Microsoft Visual Studio Solution File, Format Version 12.00
# Visual Studio 14
VisualStudioVersion = 14.0.23107.0
MinimumVisualStudioVersion = 10.0.40219.1
Project("{FAE04EC0-301F-11D3-BF4B-00C04F79EFBC}") = "Factory_Pattern", "Factory_Pattern\Factory_Pattern.csproj", "{8C45E2EE-4641-43B9-AFC0-EF09F9619DE4}"
EndProject
Global
	GlobalSection(SolutionConfigurationPlatforms) = preSolution
		Debug|Any CPU = Debug|Any CPU
		Release|Any CPU = Release|Any CPU
	EndGlobalSection
	GlobalSection(ProjectConfigurationPlatforms) = postSolution
		{8C45E2EE-4641-43B9-AFC0-EF09F9619DE4}.Debug|Any CPU.ActiveCfg = Debug|Any CPU
		{8C45E2EE-4641-43B9-AFC0-EF09F9619DE4}.Debug|Any CPU.Build.0 = Debug|Any CPU
		{8C45E2EE-4641-43B9-AFC0-EF09F9619DE4}.Release|Any CPU.ActiveCfg = Release|Any CPU
		{8C45E2EE-4641-43B9-AFC0-EF09F9619DE4}.Release|Any CPU.Build.0 = Release|Any CPU
	EndGlobalSection
	GlobalSection(SolutionProperties) = preSolution
		HideSolutionNode = FALSE
	EndGlobalSection
EndGlobal
